
Microsoft Visual Studio Solution File, Format Version 12.00
# Visual Studio 15
VisualStudioVersion = 15.0.27428.2015
MinimumVisualStudioVersion = 10.0.40219.1
Project("{8BC9CEB8-8B4A-11D0-8D11-00A0C91BC942}") = "controlBrightness", "controlBrightness\controlBrightness.vcxproj", "{6089AD31-1530-4152-80E9-BDBAF271EC2D}"
EndProject
Project("{2150E333-8FDC-42A3-9474-1A3956D46DE8}") = "Solution Items", "Solution Items", "{E782B162-F7AB-40BC-9CC4-0B4B5D79F741}"
	ProjectSection(SolutionItems) = preProject
		C:\Program Files (x86)\Windows Kits\10\Lib\10.0.16299.0\um\x86\dxva2.lib = C:\Program Files (x86)\Windows Kits\10\Lib\10.0.16299.0\um\x86\dxva2.lib
	EndProjectSection
EndProject
Global
	GlobalSection(SolutionConfigurationPlatforms) = preSolution
		Debug|x64 = Debug|x64
		Debug|x86 = Debug|x86
		Release|x64 = Release|x64
		Release|x86 = Release|x86
	EndGlobalSection
	GlobalSection(ProjectConfigurationPlatforms) = postSolution
		{6089AD31-1530-4152-80E9-BDBAF271EC2D}.Debug|x64.ActiveCfg = Debug|x64
		{6089AD31-1530-4152-80E9-BDBAF271EC2D}.Debug|x64.Build.0 = Debug|x64
		{6089AD31-1530-4152-80E9-BDBAF271EC2D}.Debug|x86.ActiveCfg = Debug|Win32
		{6089AD31-1530-4152-80E9-BDBAF271EC2D}.Debug|x86.Build.0 = Debug|Win32
		{6089AD31-1530-4152-80E9-BDBAF271EC2D}.Release|x64.ActiveCfg = Release|x64
		{6089AD31-1530-4152-80E9-BDBAF271EC2D}.Release|x64.Build.0 = Release|x64
		{6089AD31-1530-4152-80E9-BDBAF271EC2D}.Release|x86.ActiveCfg = Release|Win32
		{6089AD31-1530-4152-80E9-BDBAF271EC2D}.Release|x86.Build.0 = Release|Win32
	EndGlobalSection
	GlobalSection(SolutionProperties) = preSolution
		HideSolutionNode = FALSE
	EndGlobalSection
	GlobalSection(ExtensibilityGlobals) = postSolution
		SolutionGuid = {57F70284-1727-49D6-A051-4A1192BB9965}
	EndGlobalSection
EndGlobal
